
Microsoft Visual Studio Solution File, Format Version 12.00
# Visual Studio Version 17
VisualStudioVersion = 17.3.32825.248
MinimumVisualStudioVersion = 10.0.40219.1
Project("{9A19103F-16F7-4668-BE54-9A1E7A4F7556}") = "GitInsight", "GitInsight\GitInsight.csproj", "{A0FDB64B-8528-4B88-BD1D-6E29FC4F4E6E}"
EndProject
Project("{9A19103F-16F7-4668-BE54-9A1E7A4F7556}") = "GitInsight.Tests", "GitInsight.Tests\GitInsight.Tests.csproj", "{C3E7B839-4093-45B8-9A25-2EEB351266F9}"
EndProject
Project("{9A19103F-16F7-4668-BE54-9A1E7A4F7556}") = "GitInsight.Infrastructure", "GitInsight.Infrastructure\GitInsight.Infrastructure.csproj", "{4AEB8385-EF4F-48A4-96BA-0786A6E0C930}"
EndProject
Project("{FAE04EC0-301F-11D3-BF4B-00C04F79EFBC}") = "GitInsight.WebApp.Server", "GitInsight.WebApp\Server\GitInsight.WebApp.Server.csproj", "{4B55609E-D2FA-4197-AB6D-D4730032821F}"
EndProject
Project("{FAE04EC0-301F-11D3-BF4B-00C04F79EFBC}") = "GitInsight.WebApp.Client", "GitInsight.WebApp\Client\GitInsight.WebApp.Client.csproj", "{69A91E7B-FD88-42EB-A833-9892CF6D7C7D}"
EndProject
Project("{FAE04EC0-301F-11D3-BF4B-00C04F79EFBC}") = "GitInsight.WebApp.Shared", "GitInsight.WebApp\Shared\GitInsight.WebApp.Shared.csproj", "{25FCB6F4-D02B-45C8-84C6-C3873948ECD4}"
EndProject
Global
	GlobalSection(SolutionConfigurationPlatforms) = preSolution
		Debug|Any CPU = Debug|Any CPU
		Release|Any CPU = Release|Any CPU
	EndGlobalSection
	GlobalSection(ProjectConfigurationPlatforms) = postSolution
		{A0FDB64B-8528-4B88-BD1D-6E29FC4F4E6E}.Debug|Any CPU.ActiveCfg = Debug|Any CPU
		{A0FDB64B-8528-4B88-BD1D-6E29FC4F4E6E}.Debug|Any CPU.Build.0 = Debug|Any CPU
		{A0FDB64B-8528-4B88-BD1D-6E29FC4F4E6E}.Release|Any CPU.ActiveCfg = Release|Any CPU
		{A0FDB64B-8528-4B88-BD1D-6E29FC4F4E6E}.Release|Any CPU.Build.0 = Release|Any CPU
		{C3E7B839-4093-45B8-9A25-2EEB351266F9}.Debug|Any CPU.ActiveCfg = Debug|Any CPU
		{C3E7B839-4093-45B8-9A25-2EEB351266F9}.Debug|Any CPU.Build.0 = Debug|Any CPU
		{C3E7B839-4093-45B8-9A25-2EEB351266F9}.Release|Any CPU.ActiveCfg = Release|Any CPU
		{C3E7B839-4093-45B8-9A25-2EEB351266F9}.Release|Any CPU.Build.0 = Release|Any CPU
		{4AEB8385-EF4F-48A4-96BA-0786A6E0C930}.Debug|Any CPU.ActiveCfg = Debug|Any CPU
		{4AEB8385-EF4F-48A4-96BA-0786A6E0C930}.Debug|Any CPU.Build.0 = Debug|Any CPU
		{4AEB8385-EF4F-48A4-96BA-0786A6E0C930}.Release|Any CPU.ActiveCfg = Release|Any CPU
		{4AEB8385-EF4F-48A4-96BA-0786A6E0C930}.Release|Any CPU.Build.0 = Release|Any CPU
		{4B55609E-D2FA-4197-AB6D-D4730032821F}.Debug|Any CPU.ActiveCfg = Debug|Any CPU
		{4B55609E-D2FA-4197-AB6D-D4730032821F}.Debug|Any CPU.Build.0 = Debug|Any CPU
		{4B55609E-D2FA-4197-AB6D-D4730032821F}.Release|Any CPU.ActiveCfg = Release|Any CPU
		{4B55609E-D2FA-4197-AB6D-D4730032821F}.Release|Any CPU.Build.0 = Release|Any CPU
		{69A91E7B-FD88-42EB-A833-9892CF6D7C7D}.Debug|Any CPU.ActiveCfg = Debug|Any CPU
		{69A91E7B-FD88-42EB-A833-9892CF6D7C7D}.Debug|Any CPU.Build.0 = Debug|Any CPU
		{69A91E7B-FD88-42EB-A833-9892CF6D7C7D}.Release|Any CPU.ActiveCfg = Release|Any CPU
		{69A91E7B-FD88-42EB-A833-9892CF6D7C7D}.Release|Any CPU.Build.0 = Release|Any CPU
		{25FCB6F4-D02B-45C8-84C6-C3873948ECD4}.Debug|Any CPU.ActiveCfg = Debug|Any CPU
		{25FCB6F4-D02B-45C8-84C6-C3873948ECD4}.Debug|Any CPU.Build.0 = Debug|Any CPU
		{25FCB6F4-D02B-45C8-84C6-C3873948ECD4}.Release|Any CPU.ActiveCfg = Release|Any CPU
		{25FCB6F4-D02B-45C8-84C6-C3873948ECD4}.Release|Any CPU.Build.0 = Release|Any CPU
	EndGlobalSection
	GlobalSection(SolutionProperties) = preSolution
		HideSolutionNode = FALSE
	EndGlobalSection
	GlobalSection(ExtensibilityGlobals) = postSolution
		SolutionGuid = {22A8207A-AD22-4CF0-B077-96D556E4BB0A}
	EndGlobalSection
EndGlobal
